
Microsoft Visual Studio Solution File, Format Version 12.00
# Visual Studio Version 18
VisualStudioVersion = 18.2.11415.280 d18.0
MinimumVisualStudioVersion = 10.0.40219.1
Project("{FAE04EC0-301F-11D3-BF4B-00C04F79EFBC}") = "Hackathon", "Hackathon.csproj", "{1EFAD08E-05D7-6E0E-9A4C-D9333335A394}"
EndProject
Global
	GlobalSection(SolutionConfigurationPlatforms) = preSolution
		Debug|Any CPU = Debug|Any CPU
		Release|Any CPU = Release|Any CPU
	EndGlobalSection
	GlobalSection(ProjectConfigurationPlatforms) = postSolution
		{1EFAD08E-05D7-6E0E-9A4C-D9333335A394}.Debug|Any CPU.ActiveCfg = Debug|Any CPU
		{1EFAD08E-05D7-6E0E-9A4C-D9333335A394}.Debug|Any CPU.Build.0 = Debug|Any CPU
		{1EFAD08E-05D7-6E0E-9A4C-D9333335A394}.Release|Any CPU.ActiveCfg = Release|Any CPU
		{1EFAD08E-05D7-6E0E-9A4C-D9333335A394}.Release|Any CPU.Build.0 = Release|Any CPU
	EndGlobalSection
	GlobalSection(SolutionProperties) = preSolution
		HideSolutionNode = FALSE
	EndGlobalSection
	GlobalSection(ExtensibilityGlobals) = postSolution
		SolutionGuid = {D45B2E5E-12E8-4A94-9FFA-4C8038181895}
	EndGlobalSection
EndGlobal
